
Microsoft Visual Studio Solution File, Format Version 12.00
# Visual Studio Version 16
VisualStudioVersion = 16.0.31005.135
MinimumVisualStudioVersion = 10.0.40219.1
Project("{FAE04EC0-301F-11D3-BF4B-00C04F79EFBC}") = "Assessment 2", "Assessment 2.csproj", "{8F09AC18-F5EC-49BE-A70E-AA7A98F2F19E}"
EndProject
Global
	GlobalSection(SolutionConfigurationPlatforms) = preSolution
		Debug|Any CPU = Debug|Any CPU
		Release|Any CPU = Release|Any CPU
	EndGlobalSection
	GlobalSection(ProjectConfigurationPlatforms) = postSolution
		{8F09AC18-F5EC-49BE-A70E-AA7A98F2F19E}.Debug|Any CPU.ActiveCfg = Debug|Any CPU
		{8F09AC18-F5EC-49BE-A70E-AA7A98F2F19E}.Debug|Any CPU.Build.0 = Debug|Any CPU
		{8F09AC18-F5EC-49BE-A70E-AA7A98F2F19E}.Release|Any CPU.ActiveCfg = Release|Any CPU
		{8F09AC18-F5EC-49BE-A70E-AA7A98F2F19E}.Release|Any CPU.Build.0 = Release|Any CPU
	EndGlobalSection
	GlobalSection(SolutionProperties) = preSolution
		HideSolutionNode = FALSE
	EndGlobalSection
	GlobalSection(ExtensibilityGlobals) = postSolution
		SolutionGuid = {83FA3165-1CE4-4D61-9D3E-CC4452C97099}
	EndGlobalSection
EndGlobal
